
Microsoft Visual Studio Solution File, Format Version 12.00
# Visual Studio 15
VisualStudioVersion = 15.0.27130.2027
MinimumVisualStudioVersion = 10.0.40219.1
Project("{FAE04EC0-301F-11D3-BF4B-00C04F79EFBC}") = "BloodTrace.Android", "BloodTrace\BloodTrace.Android\BloodTrace.Android.csproj", "{0D413888-F942-478B-B7AF-77854FE3F1E4}"
EndProject
Project("{FAE04EC0-301F-11D3-BF4B-00C04F79EFBC}") = "BloodTrace.iOS", "BloodTrace\BloodTrace.iOS\BloodTrace.iOS.csproj", "{AAE204BE-1992-4D6F-93E6-128A49BD1211}"
EndProject
Project("{FAE04EC0-301F-11D3-BF4B-00C04F79EFBC}") = "BloodTrace", "BloodTrace\BloodTrace\BloodTrace.csproj", "{8061036A-4001-4239-9CAC-81FA2CBEC757}"
EndProject
Global
	GlobalSection(SolutionConfigurationPlatforms) = preSolution
		Ad-Hoc|Any CPU = Ad-Hoc|Any CPU
		Ad-Hoc|iPhone = Ad-Hoc|iPhone
		Ad-Hoc|iPhoneSimulator = Ad-Hoc|iPhoneSimulator
		AppStore|Any CPU = AppStore|Any CPU
		AppStore|iPhone = AppStore|iPhone
		AppStore|iPhoneSimulator = AppStore|iPhoneSimulator
		Debug|Any CPU = Debug|Any CPU
		Debug|iPhone = Debug|iPhone
		Debug|iPhoneSimulator = Debug|iPhoneSimulator
		Release|Any CPU = Release|Any CPU
		Release|iPhone = Release|iPhone
		Release|iPhoneSimulator = Release|iPhoneSimulator
	EndGlobalSection
	GlobalSection(ProjectConfigurationPlatforms) = postSolution
		{0D413888-F942-478B-B7AF-77854FE3F1E4}.Ad-Hoc|Any CPU.ActiveCfg = Release|Any CPU
		{0D413888-F942-478B-B7AF-77854FE3F1E4}.Ad-Hoc|Any CPU.Build.0 = Release|Any CPU
		{0D413888-F942-478B-B7AF-77854FE3F1E4}.Ad-Hoc|Any CPU.Deploy.0 = Release|Any CPU
		{0D413888-F942-478B-B7AF-77854FE3F1E4}.Ad-Hoc|iPhone.ActiveCfg = Release|Any CPU
		{0D413888-F942-478B-B7AF-77854FE3F1E4}.Ad-Hoc|iPhone.Build.0 = Release|Any CPU
		{0D413888-F942-478B-B7AF-77854FE3F1E4}.Ad-Hoc|iPhone.Deploy.0 = Release|Any CPU
		{0D413888-F942-478B-B7AF-77854FE3F1E4}.Ad-Hoc|iPhoneSimulator.ActiveCfg = Release|Any CPU
		{0D413888-F942-478B-B7AF-77854FE3F1E4}.Ad-Hoc|iPhoneSimulator.Build.0 = Release|Any CPU
		{0D413888-F942-478B-B7AF-77854FE3F1E4}.Ad-Hoc|iPhoneSimulator.Deploy.0 = Release|Any CPU
		{0D413888-F942-478B-B7AF-77854FE3F1E4}.AppStore|Any CPU.ActiveCfg = Release|Any CPU
		{0D413888-F942-478B-B7AF-77854FE3F1E4}.AppStore|Any CPU.Build.0 = Release|Any CPU
		{0D413888-F942-478B-B7AF-77854FE3F1E4}.AppStore|Any CPU.Deploy.0 = Release|Any CPU
		{0D413888-F942-478B-B7AF-77854FE3F1E4}.AppStore|iPhone.ActiveCfg = Release|Any CPU
		{0D413888-F942-478B-B7AF-77854FE3F1E4}.AppStore|iPhone.Build.0 = Release|Any CPU
		{0D413888-F942-478B-B7AF-77854FE3F1E4}.AppStore|iPhone.Deploy.0 = Release|Any CPU
		{0D413888-F942-478B-B7AF-77854FE3F1E4}.AppStore|iPhoneSimulator.ActiveCfg = Release|Any CPU
		{0D413888-F942-478B-B7AF-77854FE3F1E4}.AppStore|iPhoneSimulator.Build.0 = Release|Any CPU
		{0D413888-F942-478B-B7AF-77854FE3F1E4}.AppStore|iPhoneSimulator.Deploy.0 = Release|Any CPU
		{0D413888-F942-478B-B7AF-77854FE3F1E4}.Debug|Any CPU.ActiveCfg = Debug|Any CPU
		{0D413888-F942-478B-B7AF-77854FE3F1E4}.Debug|Any CPU.Build.0 = Debug|Any CPU
		{0D413888-F942-478B-B7AF-77854FE3F1E4}.Debug|Any CPU.Deploy.0 = Debug|Any CPU
		{0D413888-F942-478B-B7AF-77854FE3F1E4}.Debug|iPhone.ActiveCfg = Debug|Any CPU
		{0D413888-F942-478B-B7AF-77854FE3F1E4}.Debug|iPhone.Build.0 = Debug|Any CPU
		{0D413888-F942-478B-B7AF-77854FE3F1E4}.Debug|iPhone.Deploy.0 = Debug|Any CPU
		{0D413888-F942-478B-B7AF-77854FE3F1E4}.Debug|iPhoneSimulator.ActiveCfg = Debug|Any CPU
		{0D413888-F942-478B-B7AF-77854FE3F1E4}.Debug|iPhoneSimulator.Build.0 = Debug|Any CPU
		{0D413888-F942-478B-B7AF-77854FE3F1E4}.Debug|iPhoneSimulator.Deploy.0 = Debug|Any CPU
		{0D413888-F942-478B-B7AF-77854FE3F1E4}.Release|Any CPU.ActiveCfg = Release|Any CPU
		{0D413888-F942-478B-B7AF-77854FE3F1E4}.Release|Any CPU.Build.0 = Release|Any CPU
		{0D413888-F942-478B-B7AF-77854FE3F1E4}.Release|Any CPU.Deploy.0 = Release|Any CPU
		{0D413888-F942-478B-B7AF-77854FE3F1E4}.Release|iPhone.ActiveCfg = Release|Any CPU
		{0D413888-F942-478B-B7AF-77854FE3F1E4}.Release|iPhone.Build.0 = Release|Any CPU
		{0D413888-F942-478B-B7AF-77854FE3F1E4}.Release|iPhone.Deploy.0 = Release|Any CPU
		{0D413888-F942-478B-B7AF-77854FE3F1E4}.Release|iPhoneSimulator.ActiveCfg = Release|Any CPU
		{0D413888-F942-478B-B7AF-77854FE3F1E4}.Release|iPhoneSimulator.Build.0 = Release|Any CPU
		{0D413888-F942-478B-B7AF-77854FE3F1E4}.Release|iPhoneSimulator.Deploy.0 = Release|Any CPU
		{AAE204BE-1992-4D6F-93E6-128A49BD1211}.Ad-Hoc|Any CPU.ActiveCfg = Ad-Hoc|iPhone
		{AAE204BE-1992-4D6F-93E6-128A49BD1211}.Ad-Hoc|iPhone.ActiveCfg = Ad-Hoc|iPhone
		{AAE204BE-1992-4D6F-93E6-128A49BD1211}.Ad-Hoc|iPhone.Build.0 = Ad-Hoc|iPhone
		{AAE204BE-1992-4D6F-93E6-128A49BD1211}.Ad-Hoc|iPhoneSimulator.ActiveCfg = Ad-Hoc|iPhoneSimulator
		{AAE204BE-1992-4D6F-93E6-128A49BD1211}.Ad-Hoc|iPhoneSimulator.Build.0 = Ad-Hoc|iPhoneSimulator
		{AAE204BE-1992-4D6F-93E6-128A49BD1211}.AppStore|Any CPU.ActiveCfg = AppStore|iPhone
		{AAE204BE-1992-4D6F-93E6-128A49BD1211}.AppStore|iPhone.ActiveCfg = AppStore|iPhone
		{AAE204BE-1992-4D6F-93E6-128A49BD1211}.AppStore|iPhone.Build.0 = AppStore|iPhone
		{AAE204BE-1992-4D6F-93E6-128A49BD1211}.AppStore|iPhoneSimulator.ActiveCfg = AppStore|iPhoneSimulator
		{AAE204BE-1992-4D6F-93E6-128A49BD1211}.AppStore|iPhoneSimulator.Build.0 = AppStore|iPhoneSimulator
		{AAE204BE-1992-4D6F-93E6-128A49BD1211}.Debug|Any CPU.ActiveCfg = Debug|iPhone
		{AAE204BE-1992-4D6F-93E6-128A49BD1211}.Debug|iPhone.ActiveCfg = Debug|iPhone
		{AAE204BE-1992-4D6F-93E6-128A49BD1211}.Debug|iPhone.Build.0 = Debug|iPhone
		{AAE204BE-1992-4D6F-93E6-128A49BD1211}.Debug|iPhoneSimulator.ActiveCfg = Debug|iPhoneSimulator
		{AAE204BE-1992-4D6F-93E6-128A49BD1211}.Debug|iPhoneSimulator.Build.0 = Debug|iPhoneSimulator
		{AAE204BE-1992-4D6F-93E6-128A49BD1211}.Release|Any CPU.ActiveCfg = Release|iPhone
		{AAE204BE-1992-4D6F-93E6-128A49BD1211}.Release|iPhone.ActiveCfg = Release|iPhone
		{AAE204BE-1992-4D6F-93E6-128A49BD1211}.Release|iPhone.Build.0 = Release|iPhone
		{AAE204BE-1992-4D6F-93E6-128A49BD1211}.Release|iPhoneSimulator.ActiveCfg = Release|iPhoneSimulator
		{AAE204BE-1992-4D6F-93E6-128A49BD1211}.Release|iPhoneSimulator.Build.0 = Release|iPhoneSimulator
		{8061036A-4001-4239-9CAC-81FA2CBEC757}.Ad-Hoc|Any CPU.ActiveCfg = Debug|Any CPU
		{8061036A-4001-4239-9CAC-81FA2CBEC757}.Ad-Hoc|Any CPU.Build.0 = Debug|Any CPU
		{8061036A-4001-4239-9CAC-81FA2CBEC757}.Ad-Hoc|iPhone.ActiveCfg = Debug|Any CPU
		{8061036A-4001-4239-9CAC-81FA2CBEC757}.Ad-Hoc|iPhone.Build.0 = Debug|Any CPU
		{8061036A-4001-4239-9CAC-81FA2CBEC757}.Ad-Hoc|iPhoneSimulator.ActiveCfg = Debug|Any CPU
		{8061036A-4001-4239-9CAC-81FA2CBEC757}.Ad-Hoc|iPhoneSimulator.Build.0 = Debug|Any CPU
		{8061036A-4001-4239-9CAC-81FA2CBEC757}.AppStore|Any CPU.ActiveCfg = Debug|Any CPU
		{8061036A-4001-4239-9CAC-81FA2CBEC757}.AppStore|Any CPU.Build.0 = Debug|Any CPU
		{8061036A-4001-4239-9CAC-81FA2CBEC757}.AppStore|iPhone.ActiveCfg = Debug|Any CPU
		{8061036A-4001-4239-9CAC-81FA2CBEC757}.AppStore|iPhone.Build.0 = Debug|Any CPU
		{8061036A-4001-4239-9CAC-81FA2CBEC757}.AppStore|iPhoneSimulator.ActiveCfg = Debug|Any CPU
		{8061036A-4001-4239-9CAC-81FA2CBEC757}.AppStore|iPhoneSimulator.Build.0 = Debug|Any CPU
		{8061036A-4001-4239-9CAC-81FA2CBEC757}.Debug|Any CPU.ActiveCfg = Debug|Any CPU
		{8061036A-4001-4239-9CAC-81FA2CBEC757}.Debug|Any CPU.Build.0 = Debug|Any CPU
		{8061036A-4001-4239-9CAC-81FA2CBEC757}.Debug|iPhone.ActiveCfg = Debug|Any CPU
		{8061036A-4001-4239-9CAC-81FA2CBEC757}.Debug|iPhone.Build.0 = Debug|Any CPU
		{8061036A-4001-4239-9CAC-81FA2CBEC757}.Debug|iPhoneSimulator.ActiveCfg = Debug|Any CPU
		{8061036A-4001-4239-9CAC-81FA2CBEC757}.Debug|iPhoneSimulator.Build.0 = Debug|Any CPU
		{8061036A-4001-4239-9CAC-81FA2CBEC757}.Release|Any CPU.ActiveCfg = Release|Any CPU
		{8061036A-4001-4239-9CAC-81FA2CBEC757}.Release|Any CPU.Build.0 = Release|Any CPU
		{8061036A-4001-4239-9CAC-81FA2CBEC757}.Release|iPhone.ActiveCfg = Release|Any CPU
		{8061036A-4001-4239-9CAC-81FA2CBEC757}.Release|iPhone.Build.0 = Release|Any CPU
		{8061036A-4001-4239-9CAC-81FA2CBEC757}.Release|iPhoneSimulator.ActiveCfg = Release|Any CPU
		{8061036A-4001-4239-9CAC-81FA2CBEC757}.Release|iPhoneSimulator.Build.0 = Release|Any CPU
	EndGlobalSection
	GlobalSection(SolutionProperties) = preSolution
		HideSolutionNode = FALSE
	EndGlobalSection
	GlobalSection(ExtensibilityGlobals) = postSolution
		SolutionGuid = {9B2342DE-61DF-44F5-8057-650CDD7FDEBB}
	EndGlobalSection
EndGlobal
